dependencies:
- name: jeen-insights-api
  repository: file://charts/jeen-insights-api
  version: 0.1.0
- name: jeen-insights-ui
  repository: file://charts/jeen-insights-ui
  version: 0.1.0
- name: jeen-insights-analytics
  repository: file://charts/jeen-insights-analytics
  version: 0.1.0
digest: sha256:9660b3f4f9f6f8634c1263ed867c380644907b16148f7d7007dccef8766e7db0
generated: "2026-09-15T00:38:36.544472+03:00"
